
Microsoft Visual Studio Solution File, Format Version 12.00
# Visual Studio Version 17
VisualStudioVersion = 17.9.34714.143
MinimumVisualStudioVersion = 10.0.40219.1
Project("{FAE04EC0-301F-11D3-BF4B-00C04F79EFBC}") = "20240300TryCWAAPI", "20240300TryCWAAPI\20240300TryCWAAPI.csproj", "{6649417F-CED8-456B-87CC-59484F40B150}"
EndProject
Global
	GlobalSection(SolutionConfigurationPlatforms) = preSolution
		Debug|Any CPU = Debug|Any CPU
		Release|Any CPU = Release|Any CPU
	EndGlobalSection
	GlobalSection(ProjectConfigurationPlatforms) = postSolution
		{6649417F-CED8-456B-87CC-59484F40B150}.Debug|Any CPU.ActiveCfg = Debug|Any CPU
		{6649417F-CED8-456B-87CC-59484F40B150}.Debug|Any CPU.Build.0 = Debug|Any CPU
		{6649417F-CED8-456B-87CC-59484F40B150}.Release|Any CPU.ActiveCfg = Release|Any CPU
		{6649417F-CED8-456B-87CC-59484F40B150}.Release|Any CPU.Build.0 = Release|Any CPU
	EndGlobalSection
	GlobalSection(SolutionProperties) = preSolution
		HideSolutionNode = FALSE
	EndGlobalSection
	GlobalSection(ExtensibilityGlobals) = postSolution
		SolutionGuid = {A1B07583-C266-40CD-9920-FD709E6D1ED5}
	EndGlobalSection
EndGlobal
